
Microsoft Visual Studio Solution File, Format Version 12.00
# Visual Studio 15
VisualStudioVersion = 15.0.28010.2048
MinimumVisualStudioVersion = 10.0.40219.1
Project("{FAE04EC0-301F-11D3-BF4B-00C04F79EFBC}") = "SwimLibrary", "SwimLibrary\SwimLibrary.csproj", "{7646A136-F779-45C4-ACC2-5C1EBAB306C8}"
EndProject
Project("{FAE04EC0-301F-11D3-BF4B-00C04F79EFBC}") = "Assignment4_G7", "Assignment4_G7\Assignment4_G7.csproj", "{8ADC97EC-902E-463C-8766-D667899BC710}"
EndProject
Global
	GlobalSection(SolutionConfigurationPlatforms) = preSolution
		Debug|Any CPU = Debug|Any CPU
		Release|Any CPU = Release|Any CPU
	EndGlobalSection
	GlobalSection(ProjectConfigurationPlatforms) = postSolution
		{7646A136-F779-45C4-ACC2-5C1EBAB306C8}.Debug|Any CPU.ActiveCfg = Debug|Any CPU
		{7646A136-F779-45C4-ACC2-5C1EBAB306C8}.Debug|Any CPU.Build.0 = Debug|Any CPU
		{7646A136-F779-45C4-ACC2-5C1EBAB306C8}.Release|Any CPU.ActiveCfg = Release|Any CPU
		{7646A136-F779-45C4-ACC2-5C1EBAB306C8}.Release|Any CPU.Build.0 = Release|Any CPU
		{8ADC97EC-902E-463C-8766-D667899BC710}.Debug|Any CPU.ActiveCfg = Debug|Any CPU
		{8ADC97EC-902E-463C-8766-D667899BC710}.Debug|Any CPU.Build.0 = Debug|Any CPU
		{8ADC97EC-902E-463C-8766-D667899BC710}.Release|Any CPU.ActiveCfg = Release|Any CPU
		{8ADC97EC-902E-463C-8766-D667899BC710}.Release|Any CPU.Build.0 = Release|Any CPU
	EndGlobalSection
	GlobalSection(SolutionProperties) = preSolution
		HideSolutionNode = FALSE
	EndGlobalSection
	GlobalSection(ExtensibilityGlobals) = postSolution
		SolutionGuid = {9ECEAEED-11B7-4C88-9EDF-7842D81B356B}
	EndGlobalSection
EndGlobal
